// !$*UTF8*$!
{
	archiveVersion = 1;
	classes = {
	};
	objectVersion = 48;
	objects = {

/* Begin PBXBuildFile section */
		580C247C2080EC3C003DC4C5 /* AppDelegate.swift in Sources */ = {isa = PBXBuildFile; fileRef = 580C247B2080EC3C003DC4C5 /* AppDelegate.swift */; };
		580C247E2080EC3C003DC4C5 /* ViewController.swift in Sources */ = {isa = PBXBuildFile; fileRef = 580C247D2080EC3C003DC4C5 /* ViewController.swift */; };
		580C24812080EC3C003DC4C5 /* Main.storyboard in Resources */ = {isa = PBXBuildFile; fileRef = 580C247F2080EC3C003DC4C5 /* Main.storyboard */; };
		580C24832080EC3C003DC4C5 /* Assets.xcassets in Resources */ = {isa = PBXBuildFile; fileRef = 580C24822080EC3C003DC4C5 /* Assets.xcassets */; };
		580C24862080EC3C003DC4C5 /* LaunchScreen.storyboard in Resources */ = {isa = PBXBuildFile; fileRef = 580C24842080EC3C003DC4C5 /* LaunchScreen.storyboard */; };
		5887239120882D92001FDD6B /* Category.swift in Sources */ = {isa = PBXBuildFile; fileRef = 5887239020882D92001FDD6B /* Category.swift */; };
		5887239320882DA5001FDD6B /* Item.swift in Sources */ = {isa = PBXBuildFile; fileRef = 5887239220882DA5001FDD6B /* Item.swift */; };
		58E3DBAF2086DB1500D663BA /* CategoriesTableViewController.swift in Sources */ = {isa = PBXBuildFile; fileRef = 58E3DBAE2086DB1500D663BA /* CategoriesTableViewController.swift */; };
		E247ECCBAC9E7B198D4FE2AE /* Pods_todoey.framework in Frameworks */ = {isa = PBXBuildFile; fileRef = CAB195CB103E073AEAB6287D /* Pods_todoey.framework */; };
/* End PBXBuildFile section */

/* Begin PBXFileReference section */
		1427E74C8996A48950A09FD5 /* Pods-todoey.release.xcconfig */ = {isa = PBXFileReference; includeInIndex = 1; lastKnownFileType = text.xcconfig; name = "Pods-todoey.release.xcconfig"; path = "Pods/Target Support Files/Pods-todoey/Pods-todoey.release.xcconfig"; sourceTree = "<group>"; };
		580C24782080EC3C003DC4C5 /* todoey.app */ = {isa = PBXFileReference; explicitFileType = wrapper.application; includeInIndex = 0; path = todoey.app; sourceTree = BUILT_PRODUCTS_DIR; };
		580C247B2080EC3C003DC4C5 /* AppDelegate.swift */ = {isa = PBXFileReference; lastKnownFileType = sourcecode.swift; path = AppDelegate.swift; sourceTree = "<group>"; };
		580C247D2080EC3C003DC4C5 /* ViewController.swift */ = {isa = PBXFileReference; lastKnownFileType = sourcecode.swift; path = ViewController.swift; sourceTree = "<group>"; };
		580C24802080EC3C003DC4C5 /* Base */ = {isa = PBXFileReference; lastKnownFileType = file.storyboard; name = Base; path = Base.lproj/Main.storyboard; sourceTree = "<group>"; };
		580C24822080EC3C003DC4C5 /* Assets.xcassets */ = {isa = PBXFileReference; lastKnownFileType = folder.assetcatalog; path = Assets.xcassets; sourceTree = "<group>"; };
		580C24852080EC3C003DC4C5 /* Base */ = {isa = PBXFileReference; lastKnownFileType = file.storyboard; name = Base; path = Base.lproj/LaunchScreen.storyboard; sourceTree = "<group>"; };
		580C24872080EC3C003DC4C5 /* Info.plist */ = {isa = PBXFileReference; lastKnownFileType = text.plist.xml; path = Info.plist; sourceTree = "<group>"; };
		5887239020882D92001FDD6B /* Category.swift */ = {isa = PBXFileReference; lastKnownFileType = sourcecode.swift; path = Category.swift; sourceTree = "<group>"; };
		5887239220882DA5001FDD6B /* Item.swift */ = {isa = PBXFileReference; lastKnownFileType = sourcecode.swift; path = Item.swift; sourceTree = "<group>"; };
		58E3DBAE2086DB1500D663BA /* CategoriesTableViewController.swift */ = {isa = PBXFileReference; lastKnownFileType = sourcecode.swift; path = CategoriesTableViewController.swift; sourceTree = "<group>"; };
		C9A9C4CA919D3AC7E81B1B09 /* Pods-todoey.debug.xcconfig */ = {isa = PBXFileReference; includeInIndex = 1; lastKnownFileType = text.xcconfig; name = "Pods-todoey.debug.xcconfig"; path = "Pods/Target Support Files/Pods-todoey/Pods-todoey.debug.xcconfig"; sourceTree = "<group>"; };
		CAB195CB103E073AEAB6287D /* Pods_todoey.framework */ = {isa = PBXFileReference; explicitFileType = wrapper.framework; includeInIndex = 0; path = Pods_todoey.framework; sourceTree = BUILT_PRODUCTS_DIR; };
/* End PBXFileReference section */

/* Begin PBXFrameworksBuildPhase section */
		580C24752080EC3C003DC4C5 /* Frameworks */ = {
			isa = PBXFrameworksBuildPhase;
			buildActionMask = 2147483647;
			files = (
				E247ECCBAC9E7B198D4FE2AE /* Pods_todoey.framework in Frameworks */,
			);
			runOnlyForDeploymentPostprocessing = 0;
		};
/* End PBXFrameworksBuildPhase section */

/* Begin PBXGroup section */
		2C87F1EE72CAB257BE51F22C /* Pods */ = {
			isa = PBXGroup;
			children = (
				C9A9C4CA919D3AC7E81B1B09 /* Pods-todoey.debug.xcconfig */,
				1427E74C8996A48950A09FD5 /* Pods-todoey.release.xcconfig */,
			);
			name = Pods;
			sourceTree = "<group>";
		};
		580C246F2080EC3C003DC4C5 = {
			isa = PBXGroup;
			children = (
				580C247A2080EC3C003DC4C5 /* todoey */,
				580C24792080EC3C003DC4C5 /* Products */,
				2C87F1EE72CAB257BE51F22C /* Pods */,
				B83BB9CD522E0C8F807DD924 /* Frameworks */,
			);
			sourceTree = "<group>";
		};
		580C24792080EC3C003DC4C5 /* Products */ = {
			isa = PBXGroup;
			children = (
				580C24782080EC3C003DC4C5 /* todoey.app */,
			);
			name = Products;
			sourceTree = "<group>";
		};
		580C247A2080EC3C003DC4C5 /* todoey */ = {
			isa = PBXGroup;
			children = (
				580C247B2080EC3C003DC4C5 /* AppDelegate.swift */,
				580C248F2081F46D003DC4C5 /* Controller */,
				580C24912081F47E003DC4C5 /* Data Model */,
				580C248E2081F45C003DC4C5 /* View */,
				580C248D2081F446003DC4C5 /* Supporting file */,
				580C24872080EC3C003DC4C5 /* Info.plist */,
			);
			path = todoey;
			sourceTree = "<group>";
		};
		580C248D2081F446003DC4C5 /* Supporting file */ = {
			isa = PBXGroup;
			children = (
				580C24822080EC3C003DC4C5 /* Assets.xcassets */,
				580C24842080EC3C003DC4C5 /* LaunchScreen.storyboard */,
			);
			path = "Supporting file";
			sourceTree = "<group>";
		};
		580C248E2081F45C003DC4C5 /* View */ = {
			isa = PBXGroup;
			children = (
				580C247F2080EC3C003DC4C5 /* Main.storyboard */,
			);
			path = View;
			sourceTree = "<group>";
		};
		580C248F2081F46D003DC4C5 /* Controller */ = {
			isa = PBXGroup;
			children = (
				580C247D2080EC3C003DC4C5 /* ViewController.swift */,
				58E3DBAE2086DB1500D663BA /* CategoriesTableViewController.swift */,
			);
			path = Controller;
			sourceTree = "<group>";
		};
		580C24912081F47E003DC4C5 /* Data Model */ = {
			isa = PBXGroup;
			children = (
				5887239220882DA5001FDD6B /* Item.swift */,
				5887239020882D92001FDD6B /* Category.swift */,
			);
			path = "Data Model";
			sourceTree = "<group>";
		};
		B83BB9CD522E0C8F807DD924 /* Frameworks */ = {
			isa = PBXGroup;
			children = (
				CAB195CB103E073AEAB6287D /* Pods_todoey.framework */,
			);
			name = Frameworks;
			sourceTree = "<group>";
		};
/* End PBXGroup section */

/* Begin PBXNativeTarget section */
		580C24772080EC3C003DC4C5 /* todoey */ = {
			isa = PBXNativeTarget;
			buildConfigurationList = 580C248A2080EC3C003DC4C5 /* Build configuration list for PBXNativeTarget "todoey" */;
			buildPhases = (
				FF03AE0FDEE10A1C39326CE1 /* [CP] Check Pods Manifest.lock */,
				580C24742080EC3C003DC4C5 /* Sources */,
				580C24752080EC3C003DC4C5 /* Frameworks */,
				580C24762080EC3C003DC4C5 /* Resources */,
				5067B90E00D0CE2672E486DE /* [CP] Embed Pods Frameworks */,
				940604870EBEFA2A7A5C6781 /* [CP] Copy Pods Resources */,
			);
			buildRules = (
			);
			dependencies = (
			);
			name = todoey;
			productName = todoey;
			productReference = 580C24782080EC3C003DC4C5 /* todoey.app */;
			productType = "com.apple.product-type.application";
		};
/* End PBXNativeTarget section */

/* Begin PBXProject section */
		580C24702080EC3C003DC4C5 /* Project object */ = {
			isa = PBXProject;
			attributes = {
				LastSwiftUpdateCheck = 0920;
				LastUpgradeCheck = 0920;
				ORGANIZATIONNAME = "alwyn tablatin";
				TargetAttributes = {
					580C24772080EC3C003DC4C5 = {
						CreatedOnToolsVersion = 9.2;
						ProvisioningStyle = Automatic;
					};
				};
			};
			buildConfigurationList = 580C24732080EC3C003DC4C5 /* Build configuration list for PBXProject "todoey" */;
			compatibilityVersion = "Xcode 8.0";
			developmentRegion = en;
			hasScannedForEncodings = 0;
			knownRegions = (
				en,
				Base,
			);
			mainGroup = 580C246F2080EC3C003DC4C5;
			productRefGroup = 580C24792080EC3C003DC4C5 /* Products */;
			projectDirPath = "";
			projectRoot = "";
			targets = (
				580C24772080EC3C003DC4C5 /* todoey */,
			);
		};
/* End PBXProject section */

/* Begin PBXResourcesBuildPhase section */
		580C24762080EC3C003DC4C5 /* Resources */ = {
			isa = PBXResourcesBuildPhase;
			buildActionMask = 2147483647;
			files = (
				580C24862080EC3C003DC4C5 /* LaunchScreen.storyboard in Resources */,
				580C24832080EC3C003DC4C5 /* Assets.xcassets in Resources */,
				580C24812080EC3C003DC4C5 /* Main.storyboard in Resources */,
			);
			runOnlyForDeploymentPostprocessing = 0;
		};
/* End PBXResourcesBuildPhase section */

/* Begin PBXShellScriptBuildPhase section */
		5067B90E00D0CE2672E486DE /* [CP] Embed Pods Frameworks */ = {
			isa = PBXShellScriptBuildPhase;
			buildActionMask = 2147483647;
			files = (
			);
			inputPaths = (
				"${SRCROOT}/Pods/Target Support Files/Pods-todoey/Pods-todoey-frameworks.sh",
				"${BUILT_PRODUCTS_DIR}/Realm/Realm.framework",
				"${BUILT_PRODUCTS_DIR}/RealmSwift/RealmSwift.framework",
			);
			name = "[CP] Embed Pods Frameworks";
			outputPaths = (
				"${TARGET_BUILD_DIR}/${FRAMEWORKS_FOLDER_PATH}/Realm.framework",
				"${TARGET_BUILD_DIR}/${FRAMEWORKS_FOLDER_PATH}/RealmSwift.framework",
			);
			runOnlyForDeploymentPostprocessing = 0;
			shellPath = /bin/sh;
			shellScript = "\"${SRCROOT}/Pods/Target Support Files/Pods-todoey/Pods-todoey-frameworks.sh\"\n";
			showEnvVarsInLog = 0;
		};
		940604870EBEFA2A7A5C6781 /* [CP] Copy Pods Resources */ = {
			isa = PBXShellScriptBuildPhase;
			buildActionMask = 2147483647;
			files = (
			);
			inputPaths = (
			);
			name = "[CP] Copy Pods Resources";
			outputPaths = (
			);
			runOnlyForDeploymentPostprocessing = 0;
			shellPath = /bin/sh;
			shellScript = "\"${SRCROOT}/Pods/Target Support Files/Pods-todoey/Pods-todoey-resources.sh\"\n";
			showEnvVarsInLog = 0;
		};
		FF03AE0FDEE10A1C39326CE1 /* [CP] Check Pods Manifest.lock */ = {
			isa = PBXShellScriptBuildPhase;
			buildActionMask = 2147483647;
			files = (
			);
			inputPaths = (
				"${PODS_PODFILE_DIR_PATH}/Podfile.lock",
				"${PODS_ROOT}/Manifest.lock",
			);
			name = "[CP] Check Pods Manifest.lock";
			outputPaths = (
				"$(DERIVED_FILE_DIR)/Pods-todoey-checkManifestLockResult.txt",
			);
			runOnlyForDeploymentPostprocessing = 0;
			shellPath = /bin/sh;
			shellScript = "diff \"${PODS_PODFILE_DIR_PATH}/Podfile.lock\" \"${PODS_ROOT}/Manifest.lock\" > /dev/null\nif [ $? != 0 ] ; then\n    # print error to STDERR\n    echo \"error: The sandbox is not in sync with the Podfile.lock. Run 'pod install' or update your CocoaPods installation.\" >&2\n    exit 1\nfi\n# This output is used by Xcode 'outputs' to avoid re-running this script phase.\necho \"SUCCESS\" > \"${SCRIPT_OUTPUT_FILE_0}\"\n";
			showEnvVarsInLog = 0;
		};
/* End PBXShellScriptBuildPhase section */

/* Begin PBXSourcesBuildPhase section */
		580C24742080EC3C003DC4C5 /* Sources */ = {
			isa = PBXSourcesBuildPhase;
			buildActionMask = 2147483647;
			files = (
				580C247E2080EC3C003DC4C5 /* ViewController.swift in Sources */,
				5887239120882D92001FDD6B /* Category.swift in Sources */,
				580C247C2080EC3C003DC4C5 /* AppDelegate.swift in Sources */,
				5887239320882DA5001FDD6B /* Item.swift in Sources */,
				58E3DBAF2086DB1500D663BA /* CategoriesTableViewController.swift in Sources */,
			);
			runOnlyForDeploymentPostprocessing = 0;
		};
/* End PBXSourcesBuildPhase section */

/* Begin PBXVariantGroup section */
		580C247F2080EC3C003DC4C5 /* Main.storyboard */ = {
			isa = PBXVariantGroup;
			children = (
				580C24802080EC3C003DC4C5 /* Base */,
			);
			name = Main.storyboard;
			sourceTree = "<group>";
		};
		580C24842080EC3C003DC4C5 /* LaunchScreen.storyboard */ = {
			isa = PBXVariantGroup;
			children = (
				580C24852080EC3C003DC4C5 /* Base */,
			);
			name = LaunchScreen.storyboard;
			sourceTree = "<group>";
		};
/* End PBXVariantGroup section */

/* Begin XCBuildConfiguration section */
		580C24882080EC3C003DC4C5 /* Debug */ = {
			isa = XCBuildConfiguration;
			buildSettings = {
				ALWAYS_SEARCH_USER_PATHS = NO;
				CLANG_ANALYZER_NONNULL = YES;
				CLANG_ANALYZER_NUMBER_OBJECT_CONVERSION = YES_AGGRESSIVE;
				CLANG_CXX_LANGUAGE_STANDARD = "gnu++14";
				CLANG_CXX_LIBRARY = "libc++";
				CLANG_ENABLE_MODULES = YES;
				CLANG_ENABLE_OBJC_ARC = YES;
				CLANG_WARN_BLOCK_CAPTURE_AUTORELEASING = YES;
				CLANG_WARN_BOOL_CONVERSION = YES;
				CLANG_WARN_COMMA = YES;
				CLANG_WARN_CONSTANT_CONVERSION = YES;
				CLANG_WARN_DIRECT_OBJC_ISA_USAGE = YES_ERROR;
				CLANG_WARN_DOCUMENTATION_COMMENTS = YES;
				CLANG_WARN_EMPTY_BODY = YES;
				CLANG_WARN_ENUM_CONVERSION = YES;
				CLANG_WARN_INFINITE_RECURSION = YES;
				CLANG_WARN_INT_CONVERSION = YES;
				CLANG_WARN_NON_LITERAL_NULL_CONVERSION = YES;
				CLANG_WARN_OBJC_LITERAL_CONVERSION = YES;
				CLANG_WARN_OBJC_ROOT_CLASS = YES_ERROR;
				CLANG_WARN_RANGE_LOOP_ANALYSIS = YES;
				CLANG_WARN_STRICT_PROTOTYPES = YES;
				CLANG_WARN_SUSPICIOUS_MOVE = YES;
				CLANG_WARN_UNGUARDED_AVAILABILITY = YES_AGGRESSIVE;
				CLANG_WARN_UNREACHABLE_CODE = YES;
				CLANG_WARN__DUPLICATE_METHOD_MATCH = YES;
				CODE_SIGN_IDENTITY = "iPhone Developer";
				COPY_PHASE_STRIP = NO;
				DEBUG_INFORMATION_FORMAT = dwarf;
				ENABLE_STRICT_OBJC_MSGSEND = YES;
				ENABLE_TESTABILITY = YES;
				GCC_C_LANGUAGE_STANDARD = gnu11;
				GCC_DYNAMIC_NO_PIC = NO;
				GCC_NO_COMMON_BLOCKS = YES;
				GCC_OPTIMIZATION_LEVEL = 0;
				GCC_PREPROCESSOR_DEFINITIONS = (
					"DEBUG=1",
					"$(inherited)",
				);
				GCC_WARN_64_TO_32_BIT_CONVERSION = YES;
				GCC_WARN_ABOUT_RETURN_TYPE = YES_ERROR;
				GCC_WARN_UNDECLARED_SELECTOR = YES;
				GCC_WARN_UNINITIALIZED_AUTOS = YES_AGGRESSIVE;
				GCC_WARN_UNUSED_FUNCTION = YES;
				GCC_WARN_UNUSED_VARIABLE = YES;
				IPHONEOS_DEPLOYMENT_TARGET = 11.2;
				MTL_ENABLE_DEBUG_INFO = YES;
				ONLY_ACTIVE_ARCH = YES;
				SDKROOT = iphoneos;
				SWIFT_ACTIVE_COMPILATION_CONDITIONS = DEBUG;
				SWIFT_OPTIMIZATION_LEVEL = "-Onone";
			};
			name = Debug;
		};
		580C24892080EC3C003DC4C5 /* Release */ = {
			isa = XCBuildConfiguration;
			buildSettings = {
				ALWAYS_SEARCH_USER_PATHS = NO;
				CLANG_ANALYZER_NONNULL = YES;
				CLANG_ANALYZER_NUMBER_OBJECT_CONVERSION = YES_AGGRESSIVE;
				CLANG_CXX_LANGUAGE_STANDARD = "gnu++14";
				CLANG_CXX_LIBRARY = "libc++";
				CLANG_ENABLE_MODULES = YES;
				CLANG_ENABLE_OBJC_ARC = YES;
				CLANG_WARN_BLOCK_CAPTURE_AUTORELEASING = YES;
				CLANG_WARN_BOOL_CONVERSION = YES;
				CLANG_WARN_COMMA = YES;
				CLANG_WARN_CONSTANT_CONVERSION = YES;
				CLANG_WARN_DIRECT_OBJC_ISA_USAGE = YES_ERROR;
				CLANG_WARN_DOCUMENTATION_COMMENTS = YES;
				CLANG_WARN_EMPTY_BODY = YES;
				CLANG_WARN_ENUM_CONVERSION = YES;
				CLANG_WARN_INFINITE_RECURSION = YES;
				CLANG_WARN_INT_CONVERSION = YES;
				CLANG_WARN_NON_LITERAL_NULL_CONVERSION = YES;
				CLANG_WARN_OBJC_LITERAL_CONVERSION = YES;
				CLANG_WARN_OBJC_ROOT_CLASS = YES_ERROR;
				CLANG_WARN_RANGE_LOOP_ANALYSIS = YES;
				CLANG_WARN_STRICT_PROTOTYPES = YES;
				CLANG_WARN_SUSPICIOUS_MOVE = YES;
				CLANG_WARN_UNGUARDED_AVAILABILITY = YES_AGGRESSIVE;
				CLANG_WARN_UNREACHABLE_CODE = YES;
				CLANG_WARN__DUPLICATE_METHOD_MATCH = YES;
				CODE_SIGN_IDENTITY = "iPhone Developer";
				COPY_PHASE_STRIP = NO;
				DEBUG_INFORMATION_FORMAT = "dwarf-with-dsym";
				ENABLE_NS_ASSERTIONS = NO;
				ENABLE_STRICT_OBJC_MSGSEND = YES;
				GCC_C_LANGUAGE_STANDARD = gnu11;
				GCC_NO_COMMON_BLOCKS = YES;
				GCC_WARN_64_TO_32_BIT_CONVERSION = YES;
				GCC_WARN_ABOUT_RETURN_TYPE = YES_ERROR;
				GCC_WARN_UNDECLARED_SELECTOR = YES;
				GCC_WARN_UNINITIALIZED_AUTOS = YES_AGGRESSIVE;
				GCC_WARN_UNUSED_FUNCTION = YES;
				GCC_WARN_UNUSED_VARIABLE = YES;
				IPHONEOS_DEPLOYMENT_TARGET = 11.2;
				MTL_ENABLE_DEBUG_INFO = NO;
				SDKROOT = iphoneos;
				SWIFT_OPTIMIZATION_LEVEL = "-Owholemodule";
				VALIDATE_PRODUCT = YES;
			};
			name = Release;
		};
		580C248B2080EC3C003DC4C5 /* Debug */ = {
			isa = XCBuildConfiguration;
			baseConfigurationReference = C9A9C4CA919D3AC7E81B1B09 /* Pods-todoey.debug.xcconfig */;
			buildSettings = {
				ASSETCATALOG_COMPILER_APPICON_NAME = AppIcon;
				CODE_SIGN_STYLE = Automatic;
				INFOPLIST_FILE = todoey/Info.plist;
				LD_RUNPATH_SEARCH_PATHS = "$(inherited) @executable_path/Frameworks";
				PRODUCT_BUNDLE_IDENTIFIER = com.alwyntablatin.todoey;
				PRODUCT_NAME = "$(TARGET_NAME)";
				SWIFT_VERSION = 4.0;
				TARGETED_DEVICE_FAMILY = "1,2";
			};
			name = Debug;
		};
		580C248C2080EC3C003DC4C5 /* Release */ = {
			isa = XCBuildConfiguration;
			baseConfigurationReference = 1427E74C8996A48950A09FD5 /* Pods-todoey.release.xcconfig */;
			buildSettings = {
				ASSETCATALOG_COMPILER_APPICON_NAME = AppIcon;
				CODE_SIGN_STYLE = Automatic;
				INFOPLIST_FILE = todoey/Info.plist;
				LD_RUNPATH_SEARCH_PATHS = "$(inherited) @executable_path/Frameworks";
				PRODUCT_BUNDLE_IDENTIFIER = com.alwyntablatin.todoey;
				PRODUCT_NAME = "$(TARGET_NAME)";
				SWIFT_VERSION = 4.0;
				TARGETED_DEVICE_FAMILY = "1,2";
			};
			name = Release;
		};
/* End XCBuildConfiguration section */

/* Begin XCConfigurationList section */
		580C24732080EC3C003DC4C5 /* Build configuration list for PBXProject "todoey" */ = {
			isa = XCConfigurationList;
			buildConfigurations = (
				580C24882080EC3C003DC4C5 /* Debug */,
				580C24892080EC3C003DC4C5 /* Release */,
			);
			defaultConfigurationIsVisible = 0;
			defaultConfigurationName = Release;
		};
		580C248A2080EC3C003DC4C5 /* Build configuration list for PBXNativeTarget "todoey" */ = {
			isa = XCConfigurationList;
			buildConfigurations = (
				580C248B2080EC3C003DC4C5 /* Debug */,
				580C248C2080EC3C003DC4C5 /* Release */,
			);
			defaultConfigurationIsVisible = 0;
			defaultConfigurationName = Release;
		};
/* End XCConfigurationList section */
	};
	rootObject = 580C24702080EC3C003DC4C5 /* Project object */;
}
